
Microsoft Visual Studio Solution File, Format Version 12.00
# Visual Studio Version 17
VisualStudioVersion = 17.9.34622.214
MinimumVisualStudioVersion = 10.0.40219.1
Project("{FAE04EC0-301F-11D3-BF4B-00C04F79EFBC}") = "PrioryTask", "PrioryTask\PrioryTask.csproj", "{002E6B43-0CD4-479B-87CA-CE3F68DAACAE}"
EndProject
Global
	GlobalSection(SolutionConfigurationPlatforms) = preSolution
		Debug|Any CPU = Debug|Any CPU
		Release|Any CPU = Release|Any CPU
	EndGlobalSection
	GlobalSection(ProjectConfigurationPlatforms) = postSolution
		{002E6B43-0CD4-479B-87CA-CE3F68DAACAE}.Debug|Any CPU.ActiveCfg = Debug|Any CPU
		{002E6B43-0CD4-479B-87CA-CE3F68DAACAE}.Debug|Any CPU.Build.0 = Debug|Any CPU
		{002E6B43-0CD4-479B-87CA-CE3F68DAACAE}.Release|Any CPU.ActiveCfg = Release|Any CPU
		{002E6B43-0CD4-479B-87CA-CE3F68DAACAE}.Release|Any CPU.Build.0 = Release|Any CPU
	EndGlobalSection
	GlobalSection(SolutionProperties) = preSolution
		HideSolutionNode = FALSE
	EndGlobalSection
	GlobalSection(ExtensibilityGlobals) = postSolution
		SolutionGuid = {2878E274-0C89-48B7-BDF6-F98CFFB67242}
	EndGlobalSection
EndGlobal
